
Microsoft Visual Studio Solution File, Format Version 12.00
# Visual Studio Version 17
VisualStudioVersion = 17.5.33627.172
MinimumVisualStudioVersion = 10.0.40219.1
Project("{FAE04EC0-301F-11D3-BF4B-00C04F79EFBC}") = "Rabbit.Publisher.Api", "Rabbit.Publisher.Api\Rabbit.Publisher.Api.csproj", "{19CB3522-7849-4253-AEE1-AC6F22AA9F3A}"
EndProject
Project("{FAE04EC0-301F-11D3-BF4B-00C04F79EFBC}") = "Rabbit.Consumer", "Rabbit.Consumer\Rabbit.Consumer.csproj", "{9F5097CA-F700-46FE-8C08-FE06F692399C}"
EndProject
Project("{FAE04EC0-301F-11D3-BF4B-00C04F79EFBC}") = "Rabbit.Models", "Rabbit.Models\Rabbit.Models.csproj", "{CCFC67A5-700C-4EE9-810E-C3D3E1303E05}"
EndProject
Project("{FAE04EC0-301F-11D3-BF4B-00C04F79EFBC}") = "Rabbit.Services", "Rabbit.Services\Rabbit.Services.csproj", "{4DA9AC63-D61D-424A-BD95-A7C3D1784AAB}"
EndProject
Project("{FAE04EC0-301F-11D3-BF4B-00C04F79EFBC}") = "Rabbit.Repositories", "Rabbit.Repositories\Rabbit.Repositories.csproj", "{3ED4AA69-FE6D-4F57-9612-73ED2C2B6E76}"
EndProject
Global
	GlobalSection(SolutionConfigurationPlatforms) = preSolution
		Debug|Any CPU = Debug|Any CPU
		Release|Any CPU = Release|Any CPU
	EndGlobalSection
	GlobalSection(ProjectConfigurationPlatforms) = postSolution
		{19CB3522-7849-4253-AEE1-AC6F22AA9F3A}.Debug|Any CPU.ActiveCfg = Debug|Any CPU
		{19CB3522-7849-4253-AEE1-AC6F22AA9F3A}.Debug|Any CPU.Build.0 = Debug|Any CPU
		{19CB3522-7849-4253-AEE1-AC6F22AA9F3A}.Release|Any CPU.ActiveCfg = Release|Any CPU
		{19CB3522-7849-4253-AEE1-AC6F22AA9F3A}.Release|Any CPU.Build.0 = Release|Any CPU
		{9F5097CA-F700-46FE-8C08-FE06F692399C}.Debug|Any CPU.ActiveCfg = Debug|Any CPU
		{9F5097CA-F700-46FE-8C08-FE06F692399C}.Debug|Any CPU.Build.0 = Debug|Any CPU
		{9F5097CA-F700-46FE-8C08-FE06F692399C}.Release|Any CPU.ActiveCfg = Release|Any CPU
		{9F5097CA-F700-46FE-8C08-FE06F692399C}.Release|Any CPU.Build.0 = Release|Any CPU
		{CCFC67A5-700C-4EE9-810E-C3D3E1303E05}.Debug|Any CPU.ActiveCfg = Debug|Any CPU
		{CCFC67A5-700C-4EE9-810E-C3D3E1303E05}.Debug|Any CPU.Build.0 = Debug|Any CPU
		{CCFC67A5-700C-4EE9-810E-C3D3E1303E05}.Release|Any CPU.ActiveCfg = Release|Any CPU
		{CCFC67A5-700C-4EE9-810E-C3D3E1303E05}.Release|Any CPU.Build.0 = Release|Any CPU
		{4DA9AC63-D61D-424A-BD95-A7C3D1784AAB}.Debug|Any CPU.ActiveCfg = Debug|Any CPU
		{4DA9AC63-D61D-424A-BD95-A7C3D1784AAB}.Debug|Any CPU.Build.0 = Debug|Any CPU
		{4DA9AC63-D61D-424A-BD95-A7C3D1784AAB}.Release|Any CPU.ActiveCfg = Release|Any CPU
		{4DA9AC63-D61D-424A-BD95-A7C3D1784AAB}.Release|Any CPU.Build.0 = Release|Any CPU
		{3ED4AA69-FE6D-4F57-9612-73ED2C2B6E76}.Debug|Any CPU.ActiveCfg = Debug|Any CPU
		{3ED4AA69-FE6D-4F57-9612-73ED2C2B6E76}.Debug|Any CPU.Build.0 = Debug|Any CPU
		{3ED4AA69-FE6D-4F57-9612-73ED2C2B6E76}.Release|Any CPU.ActiveCfg = Release|Any CPU
		{3ED4AA69-FE6D-4F57-9612-73ED2C2B6E76}.Release|Any CPU.Build.0 = Release|Any CPU
	EndGlobalSection
	GlobalSection(SolutionProperties) = preSolution
		HideSolutionNode = FALSE
	EndGlobalSection
	GlobalSection(ExtensibilityGlobals) = postSolution
		SolutionGuid = {F973773F-3DB6-4804-838B-2FF14C45E346}
	EndGlobalSection
EndGlobal
